
Microsoft Visual Studio Solution File, Format Version 12.00
# Visual Studio Version 16
VisualStudioVersion = 16.0.31410.357
MinimumVisualStudioVersion = 10.0.40219.1
Project("{FAE04EC0-301F-11D3-BF4B-00C04F79EFBC}") = "StyleWPS", "StyleWPS\StyleWPS.csproj", "{CB67C4DE-7FE8-499A-B0F3-2B73406745AB}"
EndProject
Global
	GlobalSection(SolutionConfigurationPlatforms) = preSolution
		Debug|Any CPU = Debug|Any CPU
		Release|Any CPU = Release|Any CPU
	EndGlobalSection
	GlobalSection(ProjectConfigurationPlatforms) = postSolution
		{CB67C4DE-7FE8-499A-B0F3-2B73406745AB}.Debug|Any CPU.ActiveCfg = Debug|Any CPU
		{CB67C4DE-7FE8-499A-B0F3-2B73406745AB}.Debug|Any CPU.Build.0 = Debug|Any CPU
		{CB67C4DE-7FE8-499A-B0F3-2B73406745AB}.Release|Any CPU.ActiveCfg = Release|Any CPU
		{CB67C4DE-7FE8-499A-B0F3-2B73406745AB}.Release|Any CPU.Build.0 = Release|Any CPU
	EndGlobalSection
	GlobalSection(SolutionProperties) = preSolution
		HideSolutionNode = FALSE
	EndGlobalSection
	GlobalSection(ExtensibilityGlobals) = postSolution
		SolutionGuid = {6D27163E-29AB-4BC3-B5A3-C7DA9A383022}
	EndGlobalSection
EndGlobal
