
Microsoft Visual Studio Solution File, Format Version 12.00
# Visual Studio Version 16
VisualStudioVersion = 16.0.31410.357
MinimumVisualStudioVersion = 10.0.40219.1
Project("{FAE04EC0-301F-11D3-BF4B-00C04F79EFBC}") = "Panal_OnWps", "Panal_OnWps\Panal_OnWps.csproj", "{F70855BA-DC95-48F4-917C-991F48BD3EC9}"
EndProject
Global
	GlobalSection(SolutionConfigurationPlatforms) = preSolution
		Debug|Any CPU = Debug|Any CPU
		Release|Any CPU = Release|Any CPU
	EndGlobalSection
	GlobalSection(ProjectConfigurationPlatforms) = postSolution
		{F70855BA-DC95-48F4-917C-991F48BD3EC9}.Debug|Any CPU.ActiveCfg = Debug|Any CPU
		{F70855BA-DC95-48F4-917C-991F48BD3EC9}.Debug|Any CPU.Build.0 = Debug|Any CPU
		{F70855BA-DC95-48F4-917C-991F48BD3EC9}.Release|Any CPU.ActiveCfg = Release|Any CPU
		{F70855BA-DC95-48F4-917C-991F48BD3EC9}.Release|Any CPU.Build.0 = Release|Any CPU
	EndGlobalSection
	GlobalSection(SolutionProperties) = preSolution
		HideSolutionNode = FALSE
	EndGlobalSection
	GlobalSection(ExtensibilityGlobals) = postSolution
		SolutionGuid = {119440A4-607D-4674-B396-C318ACDE5637}
	EndGlobalSection
EndGlobal
